
Microsoft Visual Studio Solution File, Format Version 12.00
# Visual Studio Version 17
VisualStudioVersion = 17.14.36518.9 d17.14
MinimumVisualStudioVersion = 10.0.40219.1
Project("{FAE04EC0-301F-11D3-BF4B-00C04F79EFBC}") = "Lost In Forum", "Lost In Forum.csproj", "{4EB98ACA-8F09-435A-AF37-95590CF18FDC}"
EndProject
Global
	GlobalSection(SolutionConfigurationPlatforms) = preSolution
		Debug|Any CPU = Debug|Any CPU
		Release|Any CPU = Release|Any CPU
	EndGlobalSection
	GlobalSection(ProjectConfigurationPlatforms) = postSolution
		{4EB98ACA-8F09-435A-AF37-95590CF18FDC}.Debug|Any CPU.ActiveCfg = Debug|Any CPU
		{4EB98ACA-8F09-435A-AF37-95590CF18FDC}.Debug|Any CPU.Build.0 = Debug|Any CPU
		{4EB98ACA-8F09-435A-AF37-95590CF18FDC}.Release|Any CPU.ActiveCfg = Release|Any CPU
		{4EB98ACA-8F09-435A-AF37-95590CF18FDC}.Release|Any CPU.Build.0 = Release|Any CPU
	EndGlobalSection
	GlobalSection(SolutionProperties) = preSolution
		HideSolutionNode = FALSE
	EndGlobalSection
	GlobalSection(ExtensibilityGlobals) = postSolution
		SolutionGuid = {99F903F4-CC2B-445D-B8C7-6F2AFA87A461}
	EndGlobalSection
EndGlobal
